
Microsoft Visual Studio Solution File, Format Version 12.00
# Visual Studio Version 17
VisualStudioVersion = 17.12.35209.166
MinimumVisualStudioVersion = 10.0.40219.1
Project("{FAE04EC0-301F-11D3-BF4B-00C04F79EFBC}") = "VariationOne", "VariationOne\VariationOne.csproj", "{62F94D9E-AE6C-4E50-B8CF-AC9ADF3AC9FB}"
EndProject
Global
	GlobalSection(SolutionConfigurationPlatforms) = preSolution
		Debug|Any CPU = Debug|Any CPU
		Release|Any CPU = Release|Any CPU
	EndGlobalSection
	GlobalSection(ProjectConfigurationPlatforms) = postSolution
		{62F94D9E-AE6C-4E50-B8CF-AC9ADF3AC9FB}.Debug|Any CPU.ActiveCfg = Debug|Any CPU
		{62F94D9E-AE6C-4E50-B8CF-AC9ADF3AC9FB}.Debug|Any CPU.Build.0 = Debug|Any CPU
		{62F94D9E-AE6C-4E50-B8CF-AC9ADF3AC9FB}.Release|Any CPU.ActiveCfg = Release|Any CPU
		{62F94D9E-AE6C-4E50-B8CF-AC9ADF3AC9FB}.Release|Any CPU.Build.0 = Release|Any CPU
	EndGlobalSection
	GlobalSection(SolutionProperties) = preSolution
		HideSolutionNode = FALSE
	EndGlobalSection
	GlobalSection(ExtensibilityGlobals) = postSolution
		SolutionGuid = {7F44E68C-BCB8-4466-A580-025DAA67AAC0}
	EndGlobalSection
EndGlobal
